PODS:
  - boost-for-react-native (1.63.0)
  - BoringSSL-GRPC (0.0.2):
    - BoringSSL-GRPC/Implementation (= 0.0.2)
    - BoringSSL-GRPC/Interface (= 0.0.2)
  - BoringSSL-GRPC/Implementation (0.0.2):
    - BoringSSL-GRPC/Interface (= 0.0.2)
  - BoringSSL-GRPC/Interface (0.0.2)
  - CocoaAsyncSocket (7.6.4)
  - CocoaLibEvent (1.0.0)
  - DoubleConversion (1.1.6)
  - FBLazyVector (0.63.3)
  - FBReactNativeSpec (0.63.3):
    - Folly (= 2020.01.13.00)
    - RCTRequired (= 0.63.3)
    - RCTTypeSafety (= 0.63.3)
    - React-Core (= 0.63.3)
    - React-jsi (= 0.63.3)
    - ReactCommon/turbomodule/core (= 0.63.3)
  - Firebase/Auth (5.20.2):
    - Firebase/CoreOnly
    - FirebaseAuth (= 5.4.2)
  - Firebase/Core (5.20.2):
    - Firebase/CoreOnly
    - FirebaseAnalytics (= 5.8.1)
  - Firebase/CoreOnly (5.20.2):
    - FirebaseCore (= 5.4.1)
  - Firebase/Crash (5.20.2):
    - Firebase/Core
    - FirebaseCrash (= 3.1.1)
  - Firebase/Database (5.20.2):
    - Firebase/CoreOnly
    - FirebaseDatabase (= 5.1.1)
  - Firebase/Firestore (5.20.2):
    - Firebase/CoreOnly
    - FirebaseFirestore (= 1.2.1)
  - Firebase/Messaging (5.20.2):
    - Firebase/CoreOnly
    - FirebaseMessaging (= 3.5.0)
  - Firebase/Performance (5.20.2):
    - Firebase/Core
    - FirebasePerformance (= 2.2.4)
  - Firebase/Storage (5.20.2):
    - Firebase/CoreOnly
    - FirebaseStorage (= 3.1.1)
  - FirebaseABTesting (2.0.0):
    - FirebaseCore (~> 5.0)
    - Protobuf (~> 3.5)
  - FirebaseAnalytics (5.8.1):
    - FirebaseCore (~> 5.4)
    - FirebaseInstanceID (~> 3.8)
    - GoogleAppMeasurement (= 5.8.1)
    - GoogleUtilities/AppDelegateSwizzler (~> 5.2)
    - GoogleUtilities/MethodSwizzler (~> 5.2)
    - GoogleUtilities/Network (~> 5.2)
    - "GoogleUtilities/NSData+zlib (~> 5.2)"
    - nanopb (~> 0.3)
  - FirebaseAnalyticsInterop (1.5.0)
  - FirebaseAuth (5.4.2):
    - FirebaseAuthInterop (~> 1.0)
    - FirebaseCore (~> 5.2)
    - GoogleUtilities/Environment (~> 5.2)
    - GTMSessionFetcher/Core (~> 1.1)
  - FirebaseAuthInterop (1.1.0)
  - FirebaseCore (5.4.1):
    - GoogleUtilities/Environment (~> 5.2)
    - GoogleUtilities/Logger (~> 5.2)
  - FirebaseCrash (3.1.1):
    - FirebaseAnalytics (~> 5.1)
    - FirebaseInstanceID (~> 3.2)
    - GoogleToolboxForMac/Logger (~> 2.1)
    - "GoogleToolboxForMac/NSData+zlib (~> 2.1)"
    - Protobuf (~> 3.5)
  - FirebaseDatabase (5.1.1):
    - FirebaseAuthInterop (~> 1.0)
    - FirebaseCore (~> 5.2)
    - leveldb-library (~> 1.18)
  - FirebaseFirestore (1.2.1):
    - FirebaseAuthInterop (~> 1.0)
    - FirebaseCore (~> 5.2)
    - FirebaseFirestore/abseil-cpp (= 1.2.1)
    - "gRPC-C++ (= 0.0.6)"
    - leveldb-library (~> 1.20)
    - nanopb (~> 0.3.901)
    - Protobuf (~> 3.1)
  - FirebaseFirestore/abseil-cpp (1.2.1):
    - FirebaseAuthInterop (~> 1.0)
    - FirebaseCore (~> 5.2)
    - "gRPC-C++ (= 0.0.6)"
    - leveldb-library (~> 1.20)
    - nanopb (~> 0.3.901)
    - Protobuf (~> 3.1)
  - FirebaseInstanceID (3.8.1):
    - FirebaseCore (~> 5.2)
    - GoogleUtilities/Environment (~> 5.2)
    - GoogleUtilities/UserDefaults (~> 5.2)
  - FirebaseMessaging (3.5.0):
    - FirebaseAnalyticsInterop (~> 1.1)
    - FirebaseCore (~> 5.2)
    - FirebaseInstanceID (~> 3.6)
    - GoogleUtilities/Environment (~> 5.3)
    - GoogleUtilities/Reachability (~> 5.3)
    - GoogleUtilities/UserDefaults (~> 5.3)
    - Protobuf (~> 3.1)
  - FirebasePerformance (2.2.4):
    - FirebaseAnalytics (~> 5.8)
    - FirebaseInstanceID (~> 3.8)
    - FirebaseRemoteConfig (~> 3.1)
    - GoogleToolboxForMac/Logger (~> 2.1)
    - "GoogleToolboxForMac/NSData+zlib (~> 2.1)"
    - GoogleUtilities/ISASwizzler (~> 5.2)
    - GoogleUtilities/MethodSwizzler (~> 5.2)
    - GTMSessionFetcher/Core (~> 1.1)
    - Protobuf (~> 3.5)
  - FirebaseRemoteConfig (3.1.0):
    - FirebaseABTesting (~> 2.0)
    - FirebaseAnalytics (~> 5.3)
    - FirebaseCore (~> 5.1)
    - FirebaseInstanceID (~> 3.3)
    - GoogleUtilities/Environment (~> 5.2)
    - "GoogleUtilities/NSData+zlib (~> 5.2)"
    - Protobuf (~> 3.5)
  - FirebaseStorage (3.1.1):
    - FirebaseAuthInterop (~> 1.0)
    - FirebaseCore (~> 5.2)
    - GTMSessionFetcher/Core (~> 1.1)
  - Flipper (0.54.0):
    - Flipper-Folly (~> 2.2)
    - Flipper-RSocket (~> 1.1)
  - Flipper-DoubleConversion (1.1.7)
  - Flipper-Folly (2.2.0):
    - boost-for-react-native
    - CocoaLibEvent (~> 1.0)
    - Flipper-DoubleConversion
    - Flipper-Glog
    - OpenSSL-Universal (= 1.0.2.19)
  - Flipper-Glog (0.3.6)
  - Flipper-PeerTalk (0.0.4)
  - Flipper-RSocket (1.1.0):
    - Flipper-Folly (~> 2.2)
  - FlipperKit (0.54.0):
    - FlipperKit/Core (= 0.54.0)
  - FlipperKit/Core (0.54.0):
    - Flipper (~> 0.54.0)
    - FlipperKit/CppBridge
    - FlipperKit/FBCxxFollyDynamicConvert
    - FlipperKit/FBDefines
    - FlipperKit/FKPortForwarding
  - FlipperKit/CppBridge (0.54.0):
    - Flipper (~> 0.54.0)
  - FlipperKit/FBCxxFollyDynamicConvert (0.54.0):
    - Flipper-Folly (~> 2.2)
  - FlipperKit/FBDefines (0.54.0)
  - FlipperKit/FKPortForwarding (0.54.0):
    - CocoaAsyncSocket (~> 7.6)
    - Flipper-PeerTalk (~> 0.0.4)
  - FlipperKit/FlipperKitHighlightOverlay (0.54.0)
  - FlipperKit/FlipperKitLayoutPlugin (0.54.0):
    - FlipperKit/Core
    - FlipperKit/FlipperKitHighlightOverlay
    - FlipperKit/FlipperKitLayoutTextSearchable
    - YogaKit (~> 1.18)
  - FlipperKit/FlipperKitLayoutTextSearchable (0.54.0)
  - FlipperKit/FlipperKitNetworkPlugin (0.54.0):
    - FlipperKit/Core
  - FlipperKit/FlipperKitReactPlugin (0.54.0):
    - FlipperKit/Core
  - FlipperKit/FlipperKitUserDefaultsPlugin (0.54.0):
    - FlipperKit/Core
  - FlipperKit/SKIOSNetworkPlugin (0.54.0):
    - FlipperKit/Core
    - FlipperKit/FlipperKitNetworkPlugin
  - Folly (2020.01.13.00):
    - boost-for-react-native
    - DoubleConversion
    - Folly/Default (= 2020.01.13.00)
    - glog
  - Folly/Default (2020.01.13.00):
    - boost-for-react-native
    - DoubleConversion
    - glog
  - glog (0.3.5)
  - GoogleAppMeasurement (5.8.1):
    - GoogleUtilities/AppDelegateSwizzler (~> 5.2)
    - GoogleUtilities/MethodSwizzler (~> 5.2)
    - GoogleUtilities/Network (~> 5.2)
    - "GoogleUtilities/NSData+zlib (~> 5.2)"
    - nanopb (~> 0.3)
  - GoogleToolboxForMac/Defines (2.2.2)
  - GoogleToolboxForMac/Logger (2.2.2):
    - GoogleToolboxForMac/Defines (= 2.2.2)
  - "GoogleToolboxForMac/NSData+zlib (2.2.2)":
    - GoogleToolboxForMac/Defines (= 2.2.2)
  - GoogleUtilities/AppDelegateSwizzler (5.8.0):
    - GoogleUtilities/Environment
    - GoogleUtilities/Logger
    - GoogleUtilities/Network
  - GoogleUtilities/Environment (5.8.0)
  - GoogleUtilities/ISASwizzler (5.8.0)
  - GoogleUtilities/Logger (5.8.0):
    - GoogleUtilities/Environment
  - GoogleUtilities/MethodSwizzler (5.8.0):
    - GoogleUtilities/Logger
  - GoogleUtilities/Network (5.8.0):
    - GoogleUtilities/Logger
    - "GoogleUtilities/NSData+zlib"
    - GoogleUtilities/Reachability
  - "GoogleUtilities/NSData+zlib (5.8.0)"
  - GoogleUtilities/Reachability (5.8.0):
    - GoogleUtilities/Logger
  - GoogleUtilities/UserDefaults (5.8.0):
    - GoogleUtilities/Logger
  - "gRPC-C++ (0.0.6)":
    - "gRPC-C++/Implementation (= 0.0.6)"
    - "gRPC-C++/Interface (= 0.0.6)"
  - "gRPC-C++/Implementation (0.0.6)":
    - "gRPC-C++/Interface (= 0.0.6)"
    - gRPC-Core (= 1.17.0)
    - nanopb (~> 0.3)
  - "gRPC-C++/Interface (0.0.6)"
  - gRPC-Core (1.17.0):
    - gRPC-Core/Implementation (= 1.17.0)
    - gRPC-Core/Interface (= 1.17.0)
  - gRPC-Core/Implementation (1.17.0):
    - BoringSSL-GRPC (= 0.0.2)
    - gRPC-Core/Interface (= 1.17.0)
    - nanopb (~> 0.3)
  - gRPC-Core/Interface (1.17.0)
  - GTMSessionFetcher/Core (1.4.0)
  - leveldb-library (1.22)
  - nanopb (0.3.9011):
    - nanopb/decode (= 0.3.9011)
    - nanopb/encode (= 0.3.9011)
  - nanopb/decode (0.3.9011)
  - nanopb/encode (0.3.9011)
  - OpenSSL-Universal (1.0.2.19):
    - OpenSSL-Universal/Static (= 1.0.2.19)
  - OpenSSL-Universal/Static (1.0.2.19)
  - Protobuf (3.13.0)
  - RCTRequired (0.63.3)
  - RCTTypeSafety (0.63.3):
    - FBLazyVector (= 0.63.3)
    - Folly (= 2020.01.13.00)
    - RCTRequired (= 0.63.3)
    - React-Core (= 0.63.3)
  - React (0.63.3):
    - React-Core (= 0.63.3)
    - React-Core/DevSupport (= 0.63.3)
    - React-Core/RCTWebSocket (= 0.63.3)
    - React-RCTActionSheet (= 0.63.3)
    - React-RCTAnimation (= 0.63.3)
    - React-RCTBlob (= 0.63.3)
    - React-RCTImage (= 0.63.3)
    - React-RCTLinking (= 0.63.3)
    - React-RCTNetwork (= 0.63.3)
    - React-RCTSettings (= 0.63.3)
    - React-RCTText (= 0.63.3)
    - React-RCTVibration (= 0.63.3)
  - React-callinvoker (0.63.3)
  - React-Core (0.63.3):
    - Folly (= 2020.01.13.00)
    - glog
    - React-Core/Default (= 0.63.3)
    - React-cxxreact (= 0.63.3)
    - React-jsi (= 0.63.3)
    - React-jsiexecutor (= 0.63.3)
    - Yoga
  - React-Core/CoreModulesHeaders (0.63.3):
    - Folly (= 2020.01.13.00)
    - glog
    - React-Core/Default
    - React-cxxreact (= 0.63.3)
    - React-jsi (= 0.63.3)
    - React-jsiexecutor (= 0.63.3)
    - Yoga
  - React-Core/Default (0.63.3):
    - Folly (= 2020.01.13.00)
    - glog
    - React-cxxreact (= 0.63.3)
    - React-jsi (= 0.63.3)
    - React-jsiexecutor (= 0.63.3)
    - Yoga
  - React-Core/DevSupport (0.63.3):
    - Folly (= 2020.01.13.00)
    - glog
    - React-Core/Default (= 0.63.3)
    - React-Core/RCTWebSocket (= 0.63.3)
    - React-cxxreact (= 0.63.3)
    - React-jsi (= 0.63.3)
    - React-jsiexecutor (= 0.63.3)
    - React-jsinspector (= 0.63.3)
    - Yoga
  - React-Core/RCTActionSheetHeaders (0.63.3):
    - Folly (= 2020.01.13.00)
    - glog
    - React-Core/Default
    - React-cxxreact (= 0.63.3)
    - React-jsi (= 0.63.3)
    - React-jsiexecutor (= 0.63.3)
    - Yoga
  - React-Core/RCTAnimationHeaders (0.63.3):
    - Folly (= 2020.01.13.00)
    - glog
    - React-Core/Default
    - React-cxxreact (= 0.63.3)
    - React-jsi (= 0.63.3)
    - React-jsiexecutor (= 0.63.3)
    - Yoga
  - React-Core/RCTBlobHeaders (0.63.3):
    - Folly (= 2020.01.13.00)
    - glog
    - React-Core/Default
    - React-cxxreact (= 0.63.3)
    - React-jsi (= 0.63.3)
    - React-jsiexecutor (= 0.63.3)
    - Yoga
  - React-Core/RCTImageHeaders (0.63.3):
    - Folly (= 2020.01.13.00)
    - glog
    - React-Core/Default
    - React-cxxreact (= 0.63.3)
    - React-jsi (= 0.63.3)
    - React-jsiexecutor (= 0.63.3)
    - Yoga
  - React-Core/RCTLinkingHeaders (0.63.3):
    - Folly (= 2020.01.13.00)
    - glog
    - React-Core/Default
    - React-cxxreact (= 0.63.3)
    - React-jsi (= 0.63.3)
    - React-jsiexecutor (= 0.63.3)
    - Yoga
  - React-Core/RCTNetworkHeaders (0.63.3):
    - Folly (= 2020.01.13.00)
    - glog
    - React-Core/Default
    - React-cxxreact (= 0.63.3)
    - React-jsi (= 0.63.3)
    - React-jsiexecutor (= 0.63.3)
    - Yoga
  - React-Core/RCTSettingsHeaders (0.63.3):
    - Folly (= 2020.01.13.00)
    - glog
    - React-Core/Default
    - React-cxxreact (= 0.63.3)
    - React-jsi (= 0.63.3)
    - React-jsiexecutor (= 0.63.3)
    - Yoga
  - React-Core/RCTTextHeaders (0.63.3):
    - Folly (= 2020.01.13.00)
    - glog
    - React-Core/Default
    - React-cxxreact (= 0.63.3)
    - React-jsi (= 0.63.3)
    - React-jsiexecutor (= 0.63.3)
    - Yoga
  - React-Core/RCTVibrationHeaders (0.63.3):
    - Folly (= 2020.01.13.00)
    - glog
    - React-Core/Default
    - React-cxxreact (= 0.63.3)
    - React-jsi (= 0.63.3)
    - React-jsiexecutor (= 0.63.3)
    - Yoga
  - React-Core/RCTWebSocket (0.63.3):
    - Folly (= 2020.01.13.00)
    - glog
    - React-Core/Default (= 0.63.3)
    - React-cxxreact (= 0.63.3)
    - React-jsi (= 0.63.3)
    - React-jsiexecutor (= 0.63.3)
    - Yoga
  - React-CoreModules (0.63.3):
    - FBReactNativeSpec (= 0.63.3)
    - Folly (= 2020.01.13.00)
    - RCTTypeSafety (= 0.63.3)
    - React-Core/CoreModulesHeaders (= 0.63.3)
    - React-jsi (= 0.63.3)
    - React-RCTImage (= 0.63.3)
    - ReactCommon/turbomodule/core (= 0.63.3)
  - React-cxxreact (0.63.3):
    - boost-for-react-native (= 1.63.0)
    - DoubleConversion
    - Folly (= 2020.01.13.00)
    - glog
    - React-callinvoker (= 0.63.3)
    - React-jsinspector (= 0.63.3)
  - React-jsi (0.63.3):
    - boost-for-react-native (= 1.63.0)
    - DoubleConversion
    - Folly (= 2020.01.13.00)
    - glog
    - React-jsi/Default (= 0.63.3)
  - React-jsi/Default (0.63.3):
    - boost-for-react-native (= 1.63.0)
    - DoubleConversion
    - Folly (= 2020.01.13.00)
    - glog
  - React-jsiexecutor (0.63.3):
    - DoubleConversion
    - Folly (= 2020.01.13.00)
    - glog
    - React-cxxreact (= 0.63.3)
    - React-jsi (= 0.63.3)
  - React-jsinspector (0.63.3)
  - React-RCTActionSheet (0.63.3):
    - React-Core/RCTActionSheetHeaders (= 0.63.3)
  - React-RCTAnimation (0.63.3):
    - FBReactNativeSpec (= 0.63.3)
    - Folly (= 2020.01.13.00)
    - RCTTypeSafety (= 0.63.3)
    - React-Core/RCTAnimationHeaders (= 0.63.3)
    - React-jsi (= 0.63.3)
    - ReactCommon/turbomodule/core (= 0.63.3)
  - React-RCTBlob (0.63.3):
    - FBReactNativeSpec (= 0.63.3)
    - Folly (= 2020.01.13.00)
    - React-Core/RCTBlobHeaders (= 0.63.3)
    - React-Core/RCTWebSocket (= 0.63.3)
    - React-jsi (= 0.63.3)
    - React-RCTNetwork (= 0.63.3)
    - ReactCommon/turbomodule/core (= 0.63.3)
  - React-RCTImage (0.63.3):
    - FBReactNativeSpec (= 0.63.3)
    - Folly (= 2020.01.13.00)
    - RCTTypeSafety (= 0.63.3)
    - React-Core/RCTImageHeaders (= 0.63.3)
    - React-jsi (= 0.63.3)
    - React-RCTNetwork (= 0.63.3)
    - ReactCommon/turbomodule/core (= 0.63.3)
  - React-RCTLinking (0.63.3):
    - FBReactNativeSpec (= 0.63.3)
    - React-Core/RCTLinkingHeaders (= 0.63.3)
    - React-jsi (= 0.63.3)
    - ReactCommon/turbomodule/core (= 0.63.3)
  - React-RCTNetwork (0.63.3):
    - FBReactNativeSpec (= 0.63.3)
    - Folly (= 2020.01.13.00)
    - RCTTypeSafety (= 0.63.3)
    - React-Core/RCTNetworkHeaders (= 0.63.3)
    - React-jsi (= 0.63.3)
    - ReactCommon/turbomodule/core (= 0.63.3)
  - React-RCTSettings (0.63.3):
    - FBReactNativeSpec (= 0.63.3)
    - Folly (= 2020.01.13.00)
    - RCTTypeSafety (= 0.63.3)
    - React-Core/RCTSettingsHeaders (= 0.63.3)
    - React-jsi (= 0.63.3)
    - ReactCommon/turbomodule/core (= 0.63.3)
  - React-RCTText (0.63.3):
    - React-Core/RCTTextHeaders (= 0.63.3)
  - React-RCTVibration (0.63.3):
    - FBReactNativeSpec (= 0.63.3)
    - Folly (= 2020.01.13.00)
    - React-Core/RCTVibrationHeaders (= 0.63.3)
    - React-jsi (= 0.63.3)
    - ReactCommon/turbomodule/core (= 0.63.3)
  - ReactCommon/turbomodule/core (0.63.3):
    - DoubleConversion
    - Folly (= 2020.01.13.00)
    - glog
    - React-callinvoker (= 0.63.3)
    - React-Core (= 0.63.3)
    - React-cxxreact (= 0.63.3)
    - React-jsi (= 0.63.3)
  - Stripe (14.0.1)
  - tipsi-stripe (7.5.3):
    - React
    - Stripe (~> 14.0.1)
  - Yoga (1.14.0)
  - YogaKit (1.18.1):
    - Yoga (~> 1.14)

DEPENDENCIES:
  - DoubleConversion (from `../node_modules/react-native/third-party-podspecs/DoubleConversion.podspec`)
  - FBLazyVector (from `../node_modules/react-native/Libraries/FBLazyVector`)
  - FBReactNativeSpec (from `../node_modules/react-native/Libraries/FBReactNativeSpec`)
  - Firebase/Auth
  - Firebase/Core
  - Firebase/Crash
  - Firebase/Database
  - Firebase/Firestore
  - Firebase/Messaging
  - Firebase/Performance
  - Firebase/Storage
  - Flipper (~> 0.54.0)
  - Flipper-DoubleConversion (= 1.1.7)
  - Flipper-Folly (~> 2.2)
  - Flipper-Glog (= 0.3.6)
  - Flipper-PeerTalk (~> 0.0.4)
  - Flipper-RSocket (~> 1.1)
  - FlipperKit (~> 0.54.0)
  - FlipperKit/Core (~> 0.54.0)
  - FlipperKit/CppBridge (~> 0.54.0)
  - FlipperKit/FBCxxFollyDynamicConvert (~> 0.54.0)
  - FlipperKit/FBDefines (~> 0.54.0)
  - FlipperKit/FKPortForwarding (~> 0.54.0)
  - FlipperKit/FlipperKitHighlightOverlay (~> 0.54.0)
  - FlipperKit/FlipperKitLayoutPlugin (~> 0.54.0)
  - FlipperKit/FlipperKitLayoutTextSearchable (~> 0.54.0)
  - FlipperKit/FlipperKitNetworkPlugin (~> 0.54.0)
  - FlipperKit/FlipperKitReactPlugin (~> 0.54.0)
  - FlipperKit/FlipperKitUserDefaultsPlugin (~> 0.54.0)
  - FlipperKit/SKIOSNetworkPlugin (~> 0.54.0)
  - Folly (from `../node_modules/react-native/third-party-podspecs/Folly.podspec`)
  - glog (from `../node_modules/react-native/third-party-podspecs/glog.podspec`)
  - RCTRequired (from `../node_modules/react-native/Libraries/RCTRequired`)
  - RCTTypeSafety (from `../node_modules/react-native/Libraries/TypeSafety`)
  - React (from `../node_modules/react-native/`)
  - React-callinvoker (from `../node_modules/react-native/ReactCommon/callinvoker`)
  - React-Core (from `../node_modules/react-native/`)
  - React-Core/DevSupport (from `../node_modules/react-native/`)
  - React-Core/RCTWebSocket (from `../node_modules/react-native/`)
  - React-CoreModules (from `../node_modules/react-native/React/CoreModules`)
  - React-cxxreact (from `../node_modules/react-native/ReactCommon/cxxreact`)
  - React-jsi (from `../node_modules/react-native/ReactCommon/jsi`)
  - React-jsiexecutor (from `../node_modules/react-native/ReactCommon/jsiexecutor`)
  - React-jsinspector (from `../node_modules/react-native/ReactCommon/jsinspector`)
  - React-RCTActionSheet (from `../node_modules/react-native/Libraries/ActionSheetIOS`)
  - React-RCTAnimation (from `../node_modules/react-native/Libraries/NativeAnimation`)
  - React-RCTBlob (from `../node_modules/react-native/Libraries/Blob`)
  - React-RCTImage (from `../node_modules/react-native/Libraries/Image`)
  - React-RCTLinking (from `../node_modules/react-native/Libraries/LinkingIOS`)
  - React-RCTNetwork (from `../node_modules/react-native/Libraries/Network`)
  - React-RCTSettings (from `../node_modules/react-native/Libraries/Settings`)
  - React-RCTText (from `../node_modules/react-native/Libraries/Text`)
  - React-RCTVibration (from `../node_modules/react-native/Libraries/Vibration`)
  - ReactCommon/turbomodule/core (from `../node_modules/react-native/ReactCommon`)
  - Stripe (~> 14.0.0)
  - tipsi-stripe (from `../node_modules/tipsi-stripe`)
  - Yoga (from `../node_modules/react-native/ReactCommon/yoga`)

SPEC REPOS:
  trunk:
    - boost-for-react-native
    - BoringSSL-GRPC
    - CocoaAsyncSocket
    - CocoaLibEvent
    - Firebase
    - FirebaseABTesting
    - FirebaseAnalytics
    - FirebaseAnalyticsInterop
    - FirebaseAuth
    - FirebaseAuthInterop
    - FirebaseCore
    - FirebaseCrash
    - FirebaseDatabase
    - FirebaseFirestore
    - FirebaseInstanceID
    - FirebaseMessaging
    - FirebasePerformance
    - FirebaseRemoteConfig
    - FirebaseStorage
    - Flipper
    - Flipper-DoubleConversion
    - Flipper-Folly
    - Flipper-Glog
    - Flipper-PeerTalk
    - Flipper-RSocket
    - FlipperKit
    - GoogleAppMeasurement
    - GoogleToolboxForMac
    - GoogleUtilities
    - "gRPC-C++"
    - gRPC-Core
    - GTMSessionFetcher
    - leveldb-library
    - nanopb
    - OpenSSL-Universal
    - Protobuf
    - Stripe
    - YogaKit

EXTERNAL SOURCES:
  DoubleConversion:
    :podspec: "../node_modules/react-native/third-party-podspecs/DoubleConversion.podspec"
  FBLazyVector:
    :path: "../node_modules/react-native/Libraries/FBLazyVector"
  FBReactNativeSpec:
    :path: "../node_modules/react-native/Libraries/FBReactNativeSpec"
  Folly:
    :podspec: "../node_modules/react-native/third-party-podspecs/Folly.podspec"
  glog:
    :podspec: "../node_modules/react-native/third-party-podspecs/glog.podspec"
  RCTRequired:
    :path: "../node_modules/react-native/Libraries/RCTRequired"
  RCTTypeSafety:
    :path: "../node_modules/react-native/Libraries/TypeSafety"
  React:
    :path: "../node_modules/react-native/"
  React-callinvoker:
    :path: "../node_modules/react-native/ReactCommon/callinvoker"
  React-Core:
    :path: "../node_modules/react-native/"
  React-CoreModules:
    :path: "../node_modules/react-native/React/CoreModules"
  React-cxxreact:
    :path: "../node_modules/react-native/ReactCommon/cxxreact"
  React-jsi:
    :path: "../node_modules/react-native/ReactCommon/jsi"
  React-jsiexecutor:
    :path: "../node_modules/react-native/ReactCommon/jsiexecutor"
  React-jsinspector:
    :path: "../node_modules/react-native/ReactCommon/jsinspector"
  React-RCTActionSheet:
    :path: "../node_modules/react-native/Libraries/ActionSheetIOS"
  React-RCTAnimation:
    :path: "../node_modules/react-native/Libraries/NativeAnimation"
  React-RCTBlob:
    :path: "../node_modules/react-native/Libraries/Blob"
  React-RCTImage:
    :path: "../node_modules/react-native/Libraries/Image"
  React-RCTLinking:
    :path: "../node_modules/react-native/Libraries/LinkingIOS"
  React-RCTNetwork:
    :path: "../node_modules/react-native/Libraries/Network"
  React-RCTSettings:
    :path: "../node_modules/react-native/Libraries/Settings"
  React-RCTText:
    :path: "../node_modules/react-native/Libraries/Text"
  React-RCTVibration:
    :path: "../node_modules/react-native/Libraries/Vibration"
  ReactCommon:
    :path: "../node_modules/react-native/ReactCommon"
  tipsi-stripe:
    :path: "../node_modules/tipsi-stripe"
  Yoga:
    :path: "../node_modules/react-native/ReactCommon/yoga"

SPEC CHECKSUMS:
  boost-for-react-native: 39c7adb57c4e60d6c5479dd8623128eb5b3f0f2c
  BoringSSL-GRPC: 2a230d9cd93e7ce39916044f645cebb31f37dde6
  CocoaAsyncSocket: 694058e7c0ed05a9e217d1b3c7ded962f4180845
  CocoaLibEvent: 2fab71b8bd46dd33ddb959f7928ec5909f838e3f
  DoubleConversion: cde416483dac037923206447da6e1454df403714
  FBLazyVector: 878b59e31113e289e275165efbe4b54fa614d43d
  FBReactNativeSpec: 7da9338acfb98d4ef9e5536805a0704572d33c2f
  Firebase: 0c8cf33f266410c61ab3e2265cfa412200351d9c
  FirebaseABTesting: 1f50b8d50f5e3469eea54e7463a7b7fe221d1f5e
  FirebaseAnalytics: ece1aa57a4f43c64d53a648b5a5e05151aae947b
  FirebaseAnalyticsInterop: 3f86269c38ae41f47afeb43ebf32a001f58fcdae
  FirebaseAuth: dd7bbf03a5aee0eafb3a1aee4d2812bd74bac890
  FirebaseAuthInterop: a0f37ae05833af156e72028f648d313f7e7592e9
  FirebaseCore: f1a9a8be1aee4bf71a2fc0f4096df6788bdfda61
  FirebaseCrash: 011365f2c0dfac64315109103ed350bacfcdc03f
  FirebaseDatabase: 2c15b0ea6f2c6eb5e57413f9d6340f1e50b81ae3
  FirebaseFirestore: faca891c0f0d1d6c10c793473e2f6a29d75014b5
  FirebaseInstanceID: a122b0c258720cf250551bb2bedf48c699f80d90
  FirebaseMessaging: 4235f949ce1c4e827aeb19705ba5c53f9b85aa10
  FirebasePerformance: 25ecee2a260bcf398d7f32d6f4804438df953100
  FirebaseRemoteConfig: 7e11c65f0769c09bff6947997c209515058c5318
  FirebaseStorage: 6162ef4322502b818d9de0ec552f5226d283de43
  Flipper: be611d4b742d8c87fbae2ca5f44603a02539e365
  Flipper-DoubleConversion: 38631e41ef4f9b12861c67d17cb5518d06badc41
  Flipper-Folly: c12092ea368353b58e992843a990a3225d4533c3
  Flipper-Glog: 1dfd6abf1e922806c52ceb8701a3599a79a200a6
  Flipper-PeerTalk: 116d8f857dc6ef55c7a5a75ea3ceaafe878aadc9
  Flipper-RSocket: 64e7431a55835eb953b0bf984ef3b90ae9fdddd7
  FlipperKit: ab353d41aea8aae2ea6daaf813e67496642f3d7d
  Folly: b73c3869541e86821df3c387eb0af5f65addfab4
  glog: 40a13f7840415b9a77023fbcae0f1e6f43192af3
  GoogleAppMeasurement: ffe513e90551844a739e7bcbb1d2aca1c28a4338
  GoogleToolboxForMac: 800648f8b3127618c1b59c7f97684427630c5ea3
  GoogleUtilities: 04fce34bcd5620c1ee76fb79172105c74a4df335
  "gRPC-C++": e76441995900ac90e9bd98644ab4733f12521edf
  gRPC-Core: 4028031ed2c5267cca0d846c876d8046b1ecb9b6
  GTMSessionFetcher: 6f5c8abbab8a9bce4bb3f057e317728ec6182b10
  leveldb-library: 55d93ee664b4007aac644a782d11da33fba316f7
  nanopb: 18003b5e52dab79db540fe93fe9579f399bd1ccd
  OpenSSL-Universal: 8b48cc0d10c1b2923617dfe5c178aa9ed2689355
  Protobuf: 3dac39b34a08151c6d949560efe3f86134a3f748
  RCTRequired: 48884c74035a0b5b76dbb7a998bd93bcfc5f2047
  RCTTypeSafety: edf4b618033c2f1c5b7bc3d90d8e085ed95ba2ab
  React: f36e90f3ceb976546e97df3403e37d226f79d0e3
  React-callinvoker: 18874f621eb96625df7a24a7dc8d6e07391affcd
  React-Core: ac3d816b8e3493970153f4aaf0cff18af0bb95e6
  React-CoreModules: 4016d3a4e518bcfc4f5a51252b5a05692ca6f0e1
  React-cxxreact: ffc9129013b87cb36cf3f30a86695a3c397b0f99
  React-jsi: df07aa95b39c5be3e41199921509bfa929ed2b9d
  React-jsiexecutor: b56c03e61c0dd5f5801255f2160a815f4a53d451
  React-jsinspector: 8e68ffbfe23880d3ee9bafa8be2777f60b25cbe2
  React-RCTActionSheet: 53ea72699698b0b47a6421cb1c8b4ab215a774aa
  React-RCTAnimation: 1befece0b5183c22ae01b966f5583f42e69a83c2
  React-RCTBlob: 0b284339cbe4b15705a05e2313a51c6d8b51fa40
  React-RCTImage: d1756599ebd4dc2cb19d1682fe67c6b976658387
  React-RCTLinking: 9af0a51c6d6a4dd1674daadafffc6d03033a6d18
  React-RCTNetwork: 332c83929cc5eae0b3bbca4add1d668e1fc18bda
  React-RCTSettings: d6953772cfd55f2c68ad72b7ef29efc7ec49f773
  React-RCTText: 65a6de06a7389098ce24340d1d3556015c38f746
  React-RCTVibration: 8e9fb25724a0805107fc1acc9075e26f814df454
  ReactCommon: 4167844018c9ed375cc01a843e9ee564399e53c3
  Stripe: 4305b646743612854819fb5d5cf67aaeb93577c0
  tipsi-stripe: 41299d30e9b906413315eeb1b94607aaac9b6781
  Yoga: 7d13633d129fd179e01b8953d38d47be90db185a
  YogaKit: f782866e155069a2cca2517aafea43200b01fd5a

PODFILE CHECKSUM: e66a512a22c6f2968b1f5780fa20e36c9781c290

COCOAPODS: 1.10.0.beta.2
